{
  "object": {
    "pins": [
      {
        "package": "Antlr4",
        "repositoryURL": "https://github.com/LuizZak/antlr4-swift.git",
        "state": {
          "branch": null,
          "revision": "69e977f3692c6911dcfecbc721aa12460e9a9db0",
          "version": "4.0.34"
        }
      },
      {
        "package": "MiniLexer",
        "repositoryURL": "https://github.com/LuizZak/MiniLexer.git",
        "state": {
          "branch": null,
          "revision": "71cc272f4613d1e45e1eacab33fa2f77c6311007",
          "version": "0.10.0"
        }
      }
    ]
  },
  "version": 1
}
